{
  "name": "node-red-contrib-tplink",
  "version": "1.0.1",
  "lockfileVersion": 2,
  "requires": true,
  "packages": {
    "": {
      "name": "node-red-contrib-tplink",
      "version": "1.0.1",
      "license": "MIT",
      "dependencies": {
        "moment": "^2.20.1",
        "numeral": "^2.0.6",
        "tplink-smarthome-api": "https://github.com/higherpass/tplink-smarthome-api.git#camera"
      },
      "engines": {
        "node": ">=10",
        "npm": ">=3"
      }
    },
    "node_modules/commander": {
      "version": "9.5.0",
      "resolved": "https://registry.npmjs.org/commander/-/commander-9.5.0.tgz",
      "integrity": "sha512-KRs7WVDKg86PWiuAqhDrAQnTXZKraVcCc6vFdL14qrZ/DcWwuRo7VoiYXalXO7S5GKpqYiVEwCbgFDfxNHKJBQ==",
      "engines": {
        "node": "^12.20.0 || >=14"
      }
    },
    "node_modules/lodash.castarray": {
      "version": "4.4.0",
      "resolved": "https://registry.npmjs.org/lodash.castarray/-/lodash.castarray-4.4.0.tgz",
      "integrity": "sha1-wCUTUV4wna3dTCTGDP3c9ZdtkRU="
    },
    "node_modules/lodash.clone": {
      "version": "4.5.0",
      "resolved": "https://registry.npmjs.org/lodash.clone/-/lodash.clone-4.5.0.tgz",
      "integrity": "sha1-GVhwRQ9aExkkeN9Lw9I9LeoZB7Y="
    },
    "node_modules/lodash.defaultto": {
      "version": "4.14.0",
      "resolved": "https://registry.npmjs.org/lodash.defaultto/-/lodash.defaultto-4.14.0.tgz",
      "integrity": "sha1-OL09QlrO5zPg4ru9TkspcRzC7hE="
    },
    "node_modules/lodash.get": {
      "version": "4.4.2",
      "resolved": "https://registry.npmjs.org/lodash.get/-/lodash.get-4.4.2.tgz",
      "integrity": "sha1-LRd/ZS+jHpObRDjVNBSZ36OCXpk="
    },
    "node_modules/lodash.groupby": {
      "version": "4.6.0",
      "resolved": "https://registry.npmjs.org/lodash.groupby/-/lodash.groupby-4.6.0.tgz",
      "integrity": "sha1-Cwih3PaDl8OXhVwyOXg4Mt90A9E="
    },
    "node_modules/lodash.isequal": {
      "version": "4.5.0",
      "resolved": "https://registry.npmjs.org/lodash.isequal/-/lodash.isequal-4.5.0.tgz",
      "integrity": "sha1-QVxEePK8wwEgwizhDtMib30+GOA="
    },
    "node_modules/loglevel": {
      "version": "1.8.1",
      "resolved": "https://registry.npmjs.org/loglevel/-/loglevel-1.8.1.tgz",
      "integrity": "sha512-tCRIJM51SHjAayKwC+QAg8hT8vg6z7GSgLJKGvzuPb1Wc+hLzqtuVLxp6/HzSPOozuK+8ErAhy7U/sVzw8Dgfg==",
      "engines": {
        "node": ">= 0.6.0"
      },
      "funding": {
        "type": "tidelift",
        "url": "https://tidelift.com/funding/github/npm/loglevel"
      }
    },
    "node_modules/moment": {
      "version": "2.24.0",
      "resolved": "https://registry.npmjs.org/moment/-/moment-2.24.0.tgz",
      "integrity": "sha512-bV7f+6l2QigeBBZSM/6yTNq4P2fNpSWj/0e7jQcy87A8e7o2nAfP/34/2ky5Vw4B9S446EtIhodAzkFCcR4dQg==",
      "engines": {
        "node": "*"
      }
    },
    "node_modules/numeral": {
      "version": "2.0.6",
      "resolved": "https://registry.npmjs.org/numeral/-/numeral-2.0.6.tgz",
      "integrity": "sha1-StCAk21EPCVhrtnyGX7//iX05QY=",
      "engines": {
        "node": "*"
      }
    },
    "node_modules/promise-queue": {
      "version": "2.2.5",
      "resolved": "https://registry.npmjs.org/promise-queue/-/promise-queue-2.2.5.tgz",
      "integrity": "sha1-L29ffA9tCBCelnZZx5uIqe1ek7Q=",
      "engines": {
        "node": ">= 0.8.0"
      }
    },
    "node_modules/tplink-smarthome-api": {
      "version": "4.2.0",
      "resolved": "git+ssh://git@github.com/higherpass/tplink-smarthome-api.git#3770e25a7f9c235ce9e627dbac289c1bd9e27922",
      "license": "MIT",
      "dependencies": {
        "commander": "^9.5.0",
        "lodash.castarray": "^4.4.0",
        "lodash.clone": "^4.5.0",
        "lodash.defaultto": "^4.14.0",
        "lodash.get": "^4.4.2",
        "lodash.groupby": "^4.6.0",
        "lodash.isequal": "^4.5.0",
        "loglevel": "^1.8.1",
        "promise-queue": "^2.2.5",
        "tplink-smarthome-crypto": "^4.0.0"
      },
      "bin": {
        "tplink-smarthome-api": "lib/cli.js"
      },
      "engines": {
        "node": ">=14"
      }
    },
    "node_modules/tplink-smarthome-crypto": {
      "version": "4.0.0",
      "resolved": "https://registry.npmjs.org/tplink-smarthome-crypto/-/tplink-smarthome-crypto-4.0.0.tgz",
      "integrity": "sha512-sD8Qnh4ZRV8D7JK6nIxWum4Q3oEB53WUzmQSr7X6QlXAMy8fmf+u8HJh/FxVg/HaF7sfLbQIPOoNgd/dnNRDxQ==",
      "engines": {
        "node": ">=14"
      }
    }
  },
  "dependencies": {
    "commander": {
      "version": "9.5.0",
      "resolved": "https://registry.npmjs.org/commander/-/commander-9.5.0.tgz",
      "integrity": "sha512-KRs7WVDKg86PWiuAqhDrAQnTXZKraVcCc6vFdL14qrZ/DcWwuRo7VoiYXalXO7S5GKpqYiVEwCbgFDfxNHKJBQ=="
    },
    "lodash.castarray": {
      "version": "4.4.0",
      "resolved": "https://registry.npmjs.org/lodash.castarray/-/lodash.castarray-4.4.0.tgz",
      "integrity": "sha1-wCUTUV4wna3dTCTGDP3c9ZdtkRU="
    },
    "lodash.clone": {
      "version": "4.5.0",
      "resolved": "https://registry.npmjs.org/lodash.clone/-/lodash.clone-4.5.0.tgz",
      "integrity": "sha1-GVhwRQ9aExkkeN9Lw9I9LeoZB7Y="
    },
    "lodash.defaultto": {
      "version": "4.14.0",
      "resolved": "https://registry.npmjs.org/lodash.defaultto/-/lodash.defaultto-4.14.0.tgz",
      "integrity": "sha1-OL09QlrO5zPg4ru9TkspcRzC7hE="
    },
    "lodash.get": {
      "version": "4.4.2",
      "resolved": "https://registry.npmjs.org/lodash.get/-/lodash.get-4.4.2.tgz",
      "integrity": "sha1-LRd/ZS+jHpObRDjVNBSZ36OCXpk="
    },
    "lodash.groupby": {
      "version": "4.6.0",
      "resolved": "https://registry.npmjs.org/lodash.groupby/-/lodash.groupby-4.6.0.tgz",
      "integrity": "sha1-Cwih3PaDl8OXhVwyOXg4Mt90A9E="
    },
    "lodash.isequal": {
      "version": "4.5.0",
      "resolved": "https://registry.npmjs.org/lodash.isequal/-/lodash.isequal-4.5.0.tgz",
      "integrity": "sha1-QVxEePK8wwEgwizhDtMib30+GOA="
    },
    "loglevel": {
      "version": "1.8.1",
      "resolved": "https://registry.npmjs.org/loglevel/-/loglevel-1.8.1.tgz",
      "integrity": "sha512-tCRIJM51SHjAayKwC+QAg8hT8vg6z7GSgLJKGvzuPb1Wc+hLzqtuVLxp6/HzSPOozuK+8ErAhy7U/sVzw8Dgfg=="
    },
    "moment": {
      "version": "2.24.0",
      "resolved": "https://registry.npmjs.org/moment/-/moment-2.24.0.tgz",
      "integrity": "sha512-bV7f+6l2QigeBBZSM/6yTNq4P2fNpSWj/0e7jQcy87A8e7o2nAfP/34/2ky5Vw4B9S446EtIhodAzkFCcR4dQg=="
    },
    "numeral": {
      "version": "2.0.6",
      "resolved": "https://registry.npmjs.org/numeral/-/numeral-2.0.6.tgz",
      "integrity": "sha1-StCAk21EPCVhrtnyGX7//iX05QY="
    },
    "promise-queue": {
      "version": "2.2.5",
      "resolved": "https://registry.npmjs.org/promise-queue/-/promise-queue-2.2.5.tgz",
      "integrity": "sha1-L29ffA9tCBCelnZZx5uIqe1ek7Q="
    },
    "tplink-smarthome-api": {
      "version": "git+ssh://git@github.com/higherpass/tplink-smarthome-api.git#3770e25a7f9c235ce9e627dbac289c1bd9e27922",
      "from": "tplink-smarthome-api@https://github.com/higherpass/tplink-smarthome-api.git#camera",
      "requires": {
        "commander": "^9.5.0",
        "lodash.castarray": "^4.4.0",
        "lodash.clone": "^4.5.0",
        "lodash.defaultto": "^4.14.0",
        "lodash.get": "^4.4.2",
        "lodash.groupby": "^4.6.0",
        "lodash.isequal": "^4.5.0",
        "loglevel": "^1.8.1",
        "promise-queue": "^2.2.5",
        "tplink-smarthome-crypto": "^4.0.0"
      }
    },
    "tplink-smarthome-crypto": {
      "version": "4.0.0",
      "resolved": "https://registry.npmjs.org/tplink-smarthome-crypto/-/tplink-smarthome-crypto-4.0.0.tgz",
      "integrity": "sha512-sD8Qnh4ZRV8D7JK6nIxWum4Q3oEB53WUzmQSr7X6QlXAMy8fmf+u8HJh/FxVg/HaF7sfLbQIPOoNgd/dnNRDxQ=="
    }
  }
}
